// !$*UTF8*$!
{
	archiveVersion = 1;
	classes = {
	};
	objectVersion = 50;
	objects = {

/* Begin PBXBuildFile section */
		8258B22F2485783100E6A898 /* AppDelegate.swift in Sources */ = {isa = PBXBuildFile; fileRef = 8258B22E2485783100E6A898 /* AppDelegate.swift */; };
		8258B2312485783100E6A898 /* SceneDelegate.swift in Sources */ = {isa = PBXBuildFile; fileRef = 8258B2302485783100E6A898 /* SceneDelegate.swift */; };
		8258B2332485783100E6A898 /* TableViewController.swift in Sources */ = {isa = PBXBuildFile; fileRef = 8258B2322485783100E6A898 /* TableViewController.swift */; };
		8258B2382485783100E6A898 /* Main.storyboard in Resources */ = {isa = PBXBuildFile; fileRef = 8258B2362485783100E6A898 /* Main.storyboard */; };
		8258B23A2485783500E6A898 /* Assets.xcassets in Resources */ = {isa = PBXBuildFile; fileRef = 8258B2392485783500E6A898 /* Assets.xcassets */; };
		8258B23D2485783500E6A898 /* LaunchScreen.storyboard in Resources */ = {isa = PBXBuildFile; fileRef = 8258B23B2485783500E6A898 /* LaunchScreen.storyboard */; };
		8258B2462485805900E6A898 /* Spinner+Extension.swift in Sources */ = {isa = PBXBuildFile; fileRef = 8258B2452485805900E6A898 /* Spinner+Extension.swift */; };
/* End PBXBuildFile section */

/* Begin PBXFileReference section */
		8258B22B2485783100E6A898 /* infinit_list.app */ = {isa = PBXFileReference; explicitFileType = wrapper.application; includeInIndex = 0; path = infinit_list.app; sourceTree = BUILT_PRODUCTS_DIR; };
		8258B22E2485783100E6A898 /* AppDelegate.swift */ = {isa = PBXFileReference; lastKnownFileType = sourcecode.swift; path = AppDelegate.swift; sourceTree = "<group>"; };
		8258B2302485783100E6A898 /* SceneDelegate.swift */ = {isa = PBXFileReference; lastKnownFileType = sourcecode.swift; path = SceneDelegate.swift; sourceTree = "<group>"; };
		8258B2322485783100E6A898 /* TableViewController.swift */ = {isa = PBXFileReference; lastKnownFileType = sourcecode.swift; path = TableViewController.swift; sourceTree = "<group>"; };
		8258B2372485783100E6A898 /* Base */ = {isa = PBXFileReference; lastKnownFileType = file.storyboard; name = Base; path = Base.lproj/Main.storyboard; sourceTree = "<group>"; };
		8258B2392485783500E6A898 /* Assets.xcassets */ = {isa = PBXFileReference; lastKnownFileType = folder.assetcatalog; path = Assets.xcassets; sourceTree = "<group>"; };
		8258B23C2485783500E6A898 /* Base */ = {isa = PBXFileReference; lastKnownFileType = file.storyboard; name = Base; path = Base.lproj/LaunchScreen.storyboard; sourceTree = "<group>"; };
		8258B23E2485783500E6A898 /* Info.plist */ = {isa = PBXFileReference; lastKnownFileType = text.plist.xml; path = Info.plist; sourceTree = "<group>"; };
		8258B2452485805900E6A898 /* Spinner+Extension.swift */ = {isa = PBXFileReference; lastKnownFileType = sourcecode.swift; path = "Spinner+Extension.swift"; sourceTree = "<group>"; };
/* End PBXFileReference section */

/* Begin PBXFrameworksBuildPhase section */
		8258B2282485783100E6A898 /* Frameworks */ = {
			isa = PBXFrameworksBuildPhase;
			buildActionMask = 2147483647;
			files = (
			);
			runOnlyForDeploymentPostprocessing = 0;
		};
/* End PBXFrameworksBuildPhase section */

/* Begin PBXGroup section */
		8258B2222485783100E6A898 = {
			isa = PBXGroup;
			children = (
				8258B22D2485783100E6A898 /* infinit_list */,
				8258B22C2485783100E6A898 /* Products */,
			);
			sourceTree = "<group>";
		};
		8258B22C2485783100E6A898 /* Products */ = {
			isa = PBXGroup;
			children = (
				8258B22B2485783100E6A898 /* infinit_list.app */,
			);
			name = Products;
			sourceTree = "<group>";
		};
		8258B22D2485783100E6A898 /* infinit_list */ = {
			isa = PBXGroup;
			children = (
				8258B22E2485783100E6A898 /* AppDelegate.swift */,
				8258B2302485783100E6A898 /* SceneDelegate.swift */,
				8258B2322485783100E6A898 /* TableViewController.swift */,
				8258B2362485783100E6A898 /* Main.storyboard */,
				8258B2452485805900E6A898 /* Spinner+Extension.swift */,
				8258B2392485783500E6A898 /* Assets.xcassets */,
				8258B23B2485783500E6A898 /* LaunchScreen.storyboard */,
				8258B23E2485783500E6A898 /* Info.plist */,
			);
			path = infinit_list;
			sourceTree = "<group>";
		};
/* End PBXGroup section */

/* Begin PBXNativeTarget section */
		8258B22A2485783100E6A898 /* infinit_list */ = {
			isa = PBXNativeTarget;
			buildConfigurationList = 8258B2412485783500E6A898 /* Build configuration list for PBXNativeTarget "infinit_list" */;
			buildPhases = (
				8258B2272485783100E6A898 /* Sources */,
				8258B2282485783100E6A898 /* Frameworks */,
				8258B2292485783100E6A898 /* Resources */,
			);
			buildRules = (
			);
			dependencies = (
			);
			name = infinit_list;
			productName = infinit_list;
			productReference = 8258B22B2485783100E6A898 /* infinit_list.app */;
			productType = "com.apple.product-type.application";
		};
/* End PBXNativeTarget section */

/* Begin PBXProject section */
		8258B2232485783100E6A898 /* Project object */ = {
			isa = PBXProject;
			attributes = {
				LastSwiftUpdateCheck = 1140;
				LastUpgradeCheck = 1140;
				ORGANIZATIONNAME = "Matheus Gois";
				TargetAttributes = {
					8258B22A2485783100E6A898 = {
						CreatedOnToolsVersion = 11.4.1;
					};
				};
			};
			buildConfigurationList = 8258B2262485783100E6A898 /* Build configuration list for PBXProject "infinit_list" */;
			compatibilityVersion = "Xcode 9.3";
			developmentRegion = en;
			hasScannedForEncodings = 0;
			knownRegions = (
				en,
				Base,
			);
			mainGroup = 8258B2222485783100E6A898;
			productRefGroup = 8258B22C2485783100E6A898 /* Products */;
			projectDirPath = "";
			projectRoot = "";
			targets = (
				8258B22A2485783100E6A898 /* infinit_list */,
			);
		};
/* End PBXProject section */

/* Begin PBXResourcesBuildPhase section */
		8258B2292485783100E6A898 /* Resources */ = {
			isa = PBXResourcesBuildPhase;
			buildActionMask = 2147483647;
			files = (
				8258B23D2485783500E6A898 /* LaunchScreen.storyboard in Resources */,
				8258B23A2485783500E6A898 /* Assets.xcassets in Resources */,
				8258B2382485783100E6A898 /* Main.storyboard in Resources */,
			);
			runOnlyForDeploymentPostprocessing = 0;
		};
/* End PBXResourcesBuildPhase section */

/* Begin PBXSourcesBuildPhase section */
		8258B2272485783100E6A898 /* Sources */ = {
			isa = PBXSourcesBuildPhase;
			buildActionMask = 2147483647;
			files = (
				8258B2332485783100E6A898 /* TableViewController.swift in Sources */,
				8258B2462485805900E6A898 /* Spinner+Extension.swift in Sources */,
				8258B22F2485783100E6A898 /* AppDelegate.swift in Sources */,
				8258B2312485783100E6A898 /* SceneDelegate.swift in Sources */,
			);
			runOnlyForDeploymentPostprocessing = 0;
		};
/* End PBXSourcesBuildPhase section */

/* Begin PBXVariantGroup section */
		8258B2362485783100E6A898 /* Main.storyboard */ = {
			isa = PBXVariantGroup;
			children = (
				8258B2372485783100E6A898 /* Base */,
			);
			name = Main.storyboard;
			sourceTree = "<group>";
		};
		8258B23B2485783500E6A898 /* LaunchScreen.storyboard */ = {
			isa = PBXVariantGroup;
			children = (
				8258B23C2485783500E6A898 /* Base */,
			);
			name = LaunchScreen.storyboard;
			sourceTree = "<group>";
		};
/* End PBXVariantGroup section */

/* Begin XCBuildConfiguration section */
		8258B23F2485783500E6A898 /* Debug */ = {
			isa = XCBuildConfiguration;
			buildSettings = {
				ALWAYS_SEARCH_USER_PATHS = NO;
				CLANG_ANALYZER_NONNULL = YES;
				CLANG_ANALYZER_NUMBER_OBJECT_CONVERSION = YES_AGGRESSIVE;
				CLANG_CXX_LANGUAGE_STANDARD = "gnu++14";
				CLANG_CXX_LIBRARY = "libc++";
				CLANG_ENABLE_MODULES = YES;
				CLANG_ENABLE_OBJC_ARC = YES;
				CLANG_ENABLE_OBJC_WEAK = YES;
				CLANG_WARN_BLOCK_CAPTURE_AUTORELEASING = YES;
				CLANG_WARN_BOOL_CONVERSION = YES;
				CLANG_WARN_COMMA = YES;
				CLANG_WARN_CONSTANT_CONVERSION = YES;
				CLANG_WARN_DEPRECATED_OBJC_IMPLEMENTATIONS = YES;
				CLANG_WARN_DIRECT_OBJC_ISA_USAGE = YES_ERROR;
				CLANG_WARN_DOCUMENTATION_COMMENTS = YES;
				CLANG_WARN_EMPTY_BODY = YES;
				CLANG_WARN_ENUM_CONVERSION = YES;
				CLANG_WARN_INFINITE_RECURSION = YES;
				CLANG_WARN_INT_CONVERSION = YES;
				CLANG_WARN_NON_LITERAL_NULL_CONVERSION = YES;
				CLANG_WARN_OBJC_IMPLICIT_RETAIN_SELF = YES;
				CLANG_WARN_OBJC_LITERAL_CONVERSION = YES;
				CLANG_WARN_OBJC_ROOT_CLASS = YES_ERROR;
				CLANG_WARN_RANGE_LOOP_ANALYSIS = YES;
				CLANG_WARN_STRICT_PROTOTYPES = YES;
				CLANG_WARN_SUSPICIOUS_MOVE = YES;
				CLANG_WARN_UNGUARDED_AVAILABILITY = YES_AGGRESSIVE;
				CLANG_WARN_UNREACHABLE_CODE = YES;
				CLANG_WARN__DUPLICATE_METHOD_MATCH = YES;
				COPY_PHASE_STRIP = NO;
				DEBUG_INFORMATION_FORMAT = dwarf;
				ENABLE_STRICT_OBJC_MSGSEND = YES;
				ENABLE_TESTABILITY = YES;
				GCC_C_LANGUAGE_STANDARD = gnu11;
				GCC_DYNAMIC_NO_PIC = NO;
				GCC_NO_COMMON_BLOCKS = YES;
				GCC_OPTIMIZATION_LEVEL = 0;
				GCC_PREPROCESSOR_DEFINITIONS = (
					"DEBUG=1",
					"$(inherited)",
				);
				GCC_WARN_64_TO_32_BIT_CONVERSION = YES;
				GCC_WARN_ABOUT_RETURN_TYPE = YES_ERROR;
				GCC_WARN_UNDECLARED_SELECTOR = YES;
				GCC_WARN_UNINITIALIZED_AUTOS = YES_AGGRESSIVE;
				GCC_WARN_UNUSED_FUNCTION = YES;
				GCC_WARN_UNUSED_VARIABLE = YES;
				IPHONEOS_DEPLOYMENT_TARGET = 13.4;
				MTL_ENABLE_DEBUG_INFO = INCLUDE_SOURCE;
				MTL_FAST_MATH = YES;
				ONLY_ACTIVE_ARCH = YES;
				SDKROOT = iphoneos;
				SWIFT_ACTIVE_COMPILATION_CONDITIONS = DEBUG;
				SWIFT_OPTIMIZATION_LEVEL = "-Onone";
			};
			name = Debug;
		};
		8258B2402485783500E6A898 /* Release */ = {
			isa = XCBuildConfiguration;
			buildSettings = {
				ALWAYS_SEARCH_USER_PATHS = NO;
				CLANG_ANALYZER_NONNULL = YES;
				CLANG_ANALYZER_NUMBER_OBJECT_CONVERSION = YES_AGGRESSIVE;
				CLANG_CXX_LANGUAGE_STANDARD = "gnu++14";
				CLANG_CXX_LIBRARY = "libc++";
				CLANG_ENABLE_MODULES = YES;
				CLANG_ENABLE_OBJC_ARC = YES;
				CLANG_ENABLE_OBJC_WEAK = YES;
				CLANG_WARN_BLOCK_CAPTURE_AUTORELEASING = YES;
				CLANG_WARN_BOOL_CONVERSION = YES;
				CLANG_WARN_COMMA = YES;
				CLANG_WARN_CONSTANT_CONVERSION = YES;
				CLANG_WARN_DEPRECATED_OBJC_IMPLEMENTATIONS = YES;
				CLANG_WARN_DIRECT_OBJC_ISA_USAGE = YES_ERROR;
				CLANG_WARN_DOCUMENTATION_COMMENTS = YES;
				CLANG_WARN_EMPTY_BODY = YES;
				CLANG_WARN_ENUM_CONVERSION = YES;
				CLANG_WARN_INFINITE_RECURSION = YES;
				CLANG_WARN_INT_CONVERSION = YES;
				CLANG_WARN_NON_LITERAL_NULL_CONVERSION = YES;
				CLANG_WARN_OBJC_IMPLICIT_RETAIN_SELF = YES;
				CLANG_WARN_OBJC_LITERAL_CONVERSION = YES;
				CLANG_WARN_OBJC_ROOT_CLASS = YES_ERROR;
				CLANG_WARN_RANGE_LOOP_ANALYSIS = YES;
				CLANG_WARN_STRICT_PROTOTYPES = YES;
				CLANG_WARN_SUSPICIOUS_MOVE = YES;
				CLANG_WARN_UNGUARDED_AVAILABILITY = YES_AGGRESSIVE;
				CLANG_WARN_UNREACHABLE_CODE = YES;
				CLANG_WARN__DUPLICATE_METHOD_MATCH = YES;
				COPY_PHASE_STRIP = NO;
				DEBUG_INFORMATION_FORMAT = "dwarf-with-dsym";
				ENABLE_NS_ASSERTIONS = NO;
				ENABLE_STRICT_OBJC_MSGSEND = YES;
				GCC_C_LANGUAGE_STANDARD = gnu11;
				GCC_NO_COMMON_BLOCKS = YES;
				GCC_WARN_64_TO_32_BIT_CONVERSION = YES;
				GCC_WARN_ABOUT_RETURN_TYPE = YES_ERROR;
				GCC_WARN_UNDECLARED_SELECTOR = YES;
				GCC_WARN_UNINITIALIZED_AUTOS = YES_AGGRESSIVE;
				GCC_WARN_UNUSED_FUNCTION = YES;
				GCC_WARN_UNUSED_VARIABLE = YES;
				IPHONEOS_DEPLOYMENT_TARGET = 13.4;
				MTL_ENABLE_DEBUG_INFO = NO;
				MTL_FAST_MATH = YES;
				SDKROOT = iphoneos;
				SWIFT_COMPILATION_MODE = wholemodule;
				SWIFT_OPTIMIZATION_LEVEL = "-O";
				VALIDATE_PRODUCT = YES;
			};
			name = Release;
		};
		8258B2422485783500E6A898 /* Debug */ = {
			isa = XCBuildConfiguration;
			buildSettings = {
				ASSETCATALOG_COMPILER_APPICON_NAME = AppIcon;
				CODE_SIGN_STYLE = Automatic;
				DEVELOPMENT_TEAM = CTAFH43K36;
				INFOPLIST_FILE = infinit_list/Info.plist;
				LD_RUNPATH_SEARCH_PATHS = (
					"$(inherited)",
					"@executable_path/Frameworks",
				);
				PRODUCT_BUNDLE_IDENTIFIER = "maatheusgois.infinit-list";
				PRODUCT_NAME = "$(TARGET_NAME)";
				SWIFT_VERSION = 5.0;
				TARGETED_DEVICE_FAMILY = "1,2";
			};
			name = Debug;
		};
		8258B2432485783500E6A898 /* Release */ = {
			isa = XCBuildConfiguration;
			buildSettings = {
				ASSETCATALOG_COMPILER_APPICON_NAME = AppIcon;
				CODE_SIGN_STYLE = Automatic;
				DEVELOPMENT_TEAM = CTAFH43K36;
				INFOPLIST_FILE = infinit_list/Info.plist;
				LD_RUNPATH_SEARCH_PATHS = (
					"$(inherited)",
					"@executable_path/Frameworks",
				);
				PRODUCT_BUNDLE_IDENTIFIER = "maatheusgois.infinit-list";
				PRODUCT_NAME = "$(TARGET_NAME)";
				SWIFT_VERSION = 5.0;
				TARGETED_DEVICE_FAMILY = "1,2";
			};
			name = Release;
		};
/* End XCBuildConfiguration section */

/* Begin XCConfigurationList section */
		8258B2262485783100E6A898 /* Build configuration list for PBXProject "infinit_list" */ = {
			isa = XCConfigurationList;
			buildConfigurations = (
				8258B23F2485783500E6A898 /* Debug */,
				8258B2402485783500E6A898 /* Release */,
			);
			defaultConfigurationIsVisible = 0;
			defaultConfigurationName = Release;
		};
		8258B2412485783500E6A898 /* Build configuration list for PBXNativeTarget "infinit_list" */ = {
			isa = XCConfigurationList;
			buildConfigurations = (
				8258B2422485783500E6A898 /* Debug */,
				8258B2432485783500E6A898 /* Release */,
			);
			defaultConfigurationIsVisible = 0;
			defaultConfigurationName = Release;
		};
/* End XCConfigurationList section */
	};
	rootObject = 8258B2232485783100E6A898 /* Project object */;
}
